
Microsoft Visual Studio Solution File, Format Version 12.00
# Visual Studio Version 17
VisualStudioVersion = 17.6.33712.159
MinimumVisualStudioVersion = 10.0.40219.1
Project("{FAE04EC0-301F-11D3-BF4B-00C04F79EFBC}") = "Task19", "Task19\Task19.csproj", "{A22FBC3C-5121-4AB5-97F8-3B52E3620C78}"
EndProject
Project("{FAE04EC0-301F-11D3-BF4B-00C04F79EFBC}") = "Task21", "Task21\Task21.csproj", "{A5D994B9-630B-413E-8032-A346E476379B}"
EndProject
Project("{FAE04EC0-301F-11D3-BF4B-00C04F79EFBC}") = "Task22", "Task22\Task22.csproj", "{3A13A8B9-9372-4F54-89E7-47116B7E4780}"
EndProject
Project("{FAE04EC0-301F-11D3-BF4B-00C04F79EFBC}") = "Task23", "Task23\Task23.csproj", "{E21D6002-19E5-4FA7-94B8-BF9F536474CB}"
EndProject
Project("{FAE04EC0-301F-11D3-BF4B-00C04F79EFBC}") = "Task24", "Task24\Task24.csproj", "{5911E7EE-BE9E-45C3-80AE-8B006C2393E2}"
EndProject
Project("{FAE04EC0-301F-11D3-BF4B-00C04F79EFBC}") = "Task25", "Task25\Task25.csproj", "{2710D0F4-5C81-4B0F-B24D-EBA3DBE21FCC}"
EndProject
Project("{FAE04EC0-301F-11D3-BF4B-00C04F79EFBC}") = "Task18", "Task18\Task18.csproj", "{BC4B4F88-06E1-4F94-881F-3D9151A814DD}"
EndProject
Project("{2150E333-8FDC-42A3-9474-1A3956D46DE8}") = "Task17", "Task17", "{234AC7DA-7924-4B9C-934F-6A02137B1E46}"
EndProject
Project("{FAE04EC0-301F-11D3-BF4B-00C04F79EFBC}") = "Task17", "Task17\Task17.csproj", "{CE57EB42-2C64-4B64-A1DF-F01499C45B05}"
EndProject
Project("{FAE04EC0-301F-11D3-BF4B-00C04F79EFBC}") = "TestTask17", "TestTask17\TestTask17.csproj", "{1BEA1CE6-E44B-4B47-874F-69506FA9E0FC}"
EndProject
Project("{2150E333-8FDC-42A3-9474-1A3956D46DE8}") = "Task16", "Task16", "{9B1A5779-451A-4C47-BC58-8327D870C135}"
EndProject
Project("{FAE04EC0-301F-11D3-BF4B-00C04F79EFBC}") = "Task16", "Task16\Task16.csproj", "{AE6C069E-823A-4AAD-9656-FCCE6D84F6E2}"
EndProject
Project("{FAE04EC0-301F-11D3-BF4B-00C04F79EFBC}") = "Task16Test", "Task16Test\Task16Test.csproj", "{8B3DF81A-B82F-4251-96B9-0E7B109B5B2A}"
EndProject
Project("{2150E333-8FDC-42A3-9474-1A3956D46DE8}") = "Task15", "Task15", "{80C2A1E8-0D40-4873-A421-C68ACB97ABD1}"
EndProject
Project("{FAE04EC0-301F-11D3-BF4B-00C04F79EFBC}") = "Task15", "Task15\Task15.csproj", "{B4D76D94-0CF9-4D7B-B079-FC0C62BE8E03}"
EndProject
Project("{FAE04EC0-301F-11D3-BF4B-00C04F79EFBC}") = "Task15Test", "Task15Test\Task15Test.csproj", "{3F41C703-94BA-462A-87B4-174D045210DE}"
EndProject
Project("{FAE04EC0-301F-11D3-BF4B-00C04F79EFBC}") = "Task14", "Task14\Task14.csproj", "{E29AEAEB-803E-4EE5-9F55-51A4DB4E6991}"
EndProject
Project("{2150E333-8FDC-42A3-9474-1A3956D46DE8}") = "Task13", "Task13", "{C506ED21-A23F-4F9F-9850-7C21B46AAE63}"
EndProject
Project("{FAE04EC0-301F-11D3-BF4B-00C04F79EFBC}") = "Task13", "Task13\Task13.csproj", "{DB3A4554-855D-4EA1-8774-6A5DAA165F8B}"
EndProject
Project("{FAE04EC0-301F-11D3-BF4B-00C04F79EFBC}") = "Task13Test", "Task13Test\Task13Test.csproj", "{A3FD2F65-E03B-4E9D-8218-BD719943D97C}"
EndProject
Project("{2150E333-8FDC-42A3-9474-1A3956D46DE8}") = "Task12", "Task12", "{76CB7D1B-E163-4A6A-A3FA-C2C3CDC69A49}"
EndProject
Project("{FAE04EC0-301F-11D3-BF4B-00C04F79EFBC}") = "Task12", "Task12\Task12.csproj", "{BF17CA47-F527-40FF-90C9-C4D489C1DD24}"
EndProject
Project("{FAE04EC0-301F-11D3-BF4B-00C04F79EFBC}") = "Task12Test", "Task12Test\Task12Test.csproj", "{1D1717C8-9974-49F0-9836-5AE8181A8D2B}"
EndProject
Project("{2150E333-8FDC-42A3-9474-1A3956D46DE8}") = "Task11", "Task11", "{06DA6810-73A2-473A-841A-50AA6ED61B36}"
EndProject
Project("{FAE04EC0-301F-11D3-BF4B-00C04F79EFBC}") = "Task11", "Task11\Task11.csproj", "{0F6BB902-DB72-43FC-9807-4B7194D81520}"
EndProject
Project("{FAE04EC0-301F-11D3-BF4B-00C04F79EFBC}") = "TestTask11", "TestTask11\TestTask11.csproj", "{4E0B600C-47D3-47BF-8636-D583752AF54A}"
EndProject
Project("{2150E333-8FDC-42A3-9474-1A3956D46DE8}") = "Tack14", "Tack14", "{03D15AF9-D3C3-4188-BDF1-4857CCAC0357}"
EndProject
Project("{FAE04EC0-301F-11D3-BF4B-00C04F79EFBC}") = "TestTask14", "TestTask14\TestTask14.csproj", "{10685048-5368-4AF9-B903-9CE3B726885D}"
EndProject
Project("{9A19103F-16F7-4668-BE54-9A1E7A4F7556}") = "Task10", "Task10\Task10.csproj", "{4A240075-4A4A-4280-9865-98D031857DEF}"
EndProject
Project("{9A19103F-16F7-4668-BE54-9A1E7A4F7556}") = "Task9", "Task9\Task9.csproj", "{B9FBF49F-E98D-4FCA-AC09-AFB49BA32613}"
EndProject
Project("{9A19103F-16F7-4668-BE54-9A1E7A4F7556}") = "Task8", "Task8\Task8.csproj", "{DDD9E1DD-28BF-446B-8E4F-6483B9D36508}"
EndProject
Project("{9A19103F-16F7-4668-BE54-9A1E7A4F7556}") = "Task7", "Task7\Task7.csproj", "{09A59799-56C2-4A4A-825A-724BC65D7D49}"
EndProject
Project("{9A19103F-16F7-4668-BE54-9A1E7A4F7556}") = "Task6", "Task6\Task6.csproj", "{AA96263D-9767-46A2-9196-C0BE5DA54EF9}"
EndProject
Project("{9A19103F-16F7-4668-BE54-9A1E7A4F7556}") = "Task5", "Task5\Task5.csproj", "{1F374E3A-3F0D-4D67-B6C7-1F2E295F7FB8}"
EndProject
Project("{9A19103F-16F7-4668-BE54-9A1E7A4F7556}") = "Task4", "Task4\Task4.csproj", "{3551B0EB-1FE3-4DD7-9F9F-E27FC993F68C}"
EndProject
Project("{FAE04EC0-301F-11D3-BF4B-00C04F79EFBC}") = "Task3", "Task3\Task3.csproj", "{B91741AD-FE80-4C1B-9018-39540D629458}"
EndProject
Project("{FAE04EC0-301F-11D3-BF4B-00C04F79EFBC}") = "Task2", "Task2\Task2.csproj", "{D9829A16-2A58-49EF-95E7-68A6168752AE}"
EndProject
Project("{FAE04EC0-301F-11D3-BF4B-00C04F79EFBC}") = "Task1", "Task1\Task1.csproj", "{B97ACFA3-2107-4A02-9149-5BAE7881DE83}"
EndProject
Global
	GlobalSection(SolutionConfigurationPlatforms) = preSolution
		Debug|Any CPU = Debug|Any CPU
		Release|Any CPU = Release|Any CPU
	EndGlobalSection
	GlobalSection(ProjectConfigurationPlatforms) = postSolution
		{A22FBC3C-5121-4AB5-97F8-3B52E3620C78}.Debug|Any CPU.ActiveCfg = Debug|Any CPU
		{A22FBC3C-5121-4AB5-97F8-3B52E3620C78}.Debug|Any CPU.Build.0 = Debug|Any CPU
		{A22FBC3C-5121-4AB5-97F8-3B52E3620C78}.Release|Any CPU.ActiveCfg = Release|Any CPU
		{A22FBC3C-5121-4AB5-97F8-3B52E3620C78}.Release|Any CPU.Build.0 = Release|Any CPU
		{A5D994B9-630B-413E-8032-A346E476379B}.Debug|Any CPU.ActiveCfg = Debug|Any CPU
		{A5D994B9-630B-413E-8032-A346E476379B}.Debug|Any CPU.Build.0 = Debug|Any CPU
		{A5D994B9-630B-413E-8032-A346E476379B}.Release|Any CPU.ActiveCfg = Release|Any CPU
		{A5D994B9-630B-413E-8032-A346E476379B}.Release|Any CPU.Build.0 = Release|Any CPU
		{3A13A8B9-9372-4F54-89E7-47116B7E4780}.Debug|Any CPU.ActiveCfg = Debug|Any CPU
		{3A13A8B9-9372-4F54-89E7-47116B7E4780}.Debug|Any CPU.Build.0 = Debug|Any CPU
		{3A13A8B9-9372-4F54-89E7-47116B7E4780}.Release|Any CPU.ActiveCfg = Release|Any CPU
		{3A13A8B9-9372-4F54-89E7-47116B7E4780}.Release|Any CPU.Build.0 = Release|Any CPU
		{E21D6002-19E5-4FA7-94B8-BF9F536474CB}.Debug|Any CPU.ActiveCfg = Debug|Any CPU
		{E21D6002-19E5-4FA7-94B8-BF9F536474CB}.Debug|Any CPU.Build.0 = Debug|Any CPU
		{E21D6002-19E5-4FA7-94B8-BF9F536474CB}.Release|Any CPU.ActiveCfg = Release|Any CPU
		{E21D6002-19E5-4FA7-94B8-BF9F536474CB}.Release|Any CPU.Build.0 = Release|Any CPU
		{5911E7EE-BE9E-45C3-80AE-8B006C2393E2}.Debug|Any CPU.ActiveCfg = Debug|Any CPU
		{5911E7EE-BE9E-45C3-80AE-8B006C2393E2}.Debug|Any CPU.Build.0 = Debug|Any CPU
		{5911E7EE-BE9E-45C3-80AE-8B006C2393E2}.Release|Any CPU.ActiveCfg = Release|Any CPU
		{5911E7EE-BE9E-45C3-80AE-8B006C2393E2}.Release|Any CPU.Build.0 = Release|Any CPU
		{2710D0F4-5C81-4B0F-B24D-EBA3DBE21FCC}.Debug|Any CPU.ActiveCfg = Debug|Any CPU
		{2710D0F4-5C81-4B0F-B24D-EBA3DBE21FCC}.Debug|Any CPU.Build.0 = Debug|Any CPU
		{2710D0F4-5C81-4B0F-B24D-EBA3DBE21FCC}.Release|Any CPU.ActiveCfg = Release|Any CPU
		{2710D0F4-5C81-4B0F-B24D-EBA3DBE21FCC}.Release|Any CPU.Build.0 = Release|Any CPU
		{BC4B4F88-06E1-4F94-881F-3D9151A814DD}.Debug|Any CPU.ActiveCfg = Debug|Any CPU
		{BC4B4F88-06E1-4F94-881F-3D9151A814DD}.Debug|Any CPU.Build.0 = Debug|Any CPU
		{BC4B4F88-06E1-4F94-881F-3D9151A814DD}.Release|Any CPU.ActiveCfg = Release|Any CPU
		{BC4B4F88-06E1-4F94-881F-3D9151A814DD}.Release|Any CPU.Build.0 = Release|Any CPU
		{CE57EB42-2C64-4B64-A1DF-F01499C45B05}.Debug|Any CPU.ActiveCfg = Debug|Any CPU
		{CE57EB42-2C64-4B64-A1DF-F01499C45B05}.Debug|Any CPU.Build.0 = Debug|Any CPU
		{CE57EB42-2C64-4B64-A1DF-F01499C45B05}.Release|Any CPU.ActiveCfg = Release|Any CPU
		{CE57EB42-2C64-4B64-A1DF-F01499C45B05}.Release|Any CPU.Build.0 = Release|Any CPU
		{1BEA1CE6-E44B-4B47-874F-69506FA9E0FC}.Debug|Any CPU.ActiveCfg = Debug|Any CPU
		{1BEA1CE6-E44B-4B47-874F-69506FA9E0FC}.Debug|Any CPU.Build.0 = Debug|Any CPU
		{1BEA1CE6-E44B-4B47-874F-69506FA9E0FC}.Release|Any CPU.ActiveCfg = Release|Any CPU
		{1BEA1CE6-E44B-4B47-874F-69506FA9E0FC}.Release|Any CPU.Build.0 = Release|Any CPU
		{AE6C069E-823A-4AAD-9656-FCCE6D84F6E2}.Debug|Any CPU.ActiveCfg = Debug|Any CPU
		{AE6C069E-823A-4AAD-9656-FCCE6D84F6E2}.Debug|Any CPU.Build.0 = Debug|Any CPU
		{AE6C069E-823A-4AAD-9656-FCCE6D84F6E2}.Release|Any CPU.ActiveCfg = Release|Any CPU
		{AE6C069E-823A-4AAD-9656-FCCE6D84F6E2}.Release|Any CPU.Build.0 = Release|Any CPU
		{8B3DF81A-B82F-4251-96B9-0E7B109B5B2A}.Debug|Any CPU.ActiveCfg = Debug|Any CPU
		{8B3DF81A-B82F-4251-96B9-0E7B109B5B2A}.Debug|Any CPU.Build.0 = Debug|Any CPU
		{8B3DF81A-B82F-4251-96B9-0E7B109B5B2A}.Release|Any CPU.ActiveCfg = Release|Any CPU
		{8B3DF81A-B82F-4251-96B9-0E7B109B5B2A}.Release|Any CPU.Build.0 = Release|Any CPU
		{B4D76D94-0CF9-4D7B-B079-FC0C62BE8E03}.Debug|Any CPU.ActiveCfg = Debug|Any CPU
		{B4D76D94-0CF9-4D7B-B079-FC0C62BE8E03}.Debug|Any CPU.Build.0 = Debug|Any CPU
		{B4D76D94-0CF9-4D7B-B079-FC0C62BE8E03}.Release|Any CPU.ActiveCfg = Release|Any CPU
		{B4D76D94-0CF9-4D7B-B079-FC0C62BE8E03}.Release|Any CPU.Build.0 = Release|Any CPU
		{3F41C703-94BA-462A-87B4-174D045210DE}.Debug|Any CPU.ActiveCfg = Debug|Any CPU
		{3F41C703-94BA-462A-87B4-174D045210DE}.Debug|Any CPU.Build.0 = Debug|Any CPU
		{3F41C703-94BA-462A-87B4-174D045210DE}.Release|Any CPU.ActiveCfg = Release|Any CPU
		{3F41C703-94BA-462A-87B4-174D045210DE}.Release|Any CPU.Build.0 = Release|Any CPU
		{E29AEAEB-803E-4EE5-9F55-51A4DB4E6991}.Debug|Any CPU.ActiveCfg = Debug|Any CPU
		{E29AEAEB-803E-4EE5-9F55-51A4DB4E6991}.Debug|Any CPU.Build.0 = Debug|Any CPU
		{E29AEAEB-803E-4EE5-9F55-51A4DB4E6991}.Release|Any CPU.ActiveCfg = Release|Any CPU
		{E29AEAEB-803E-4EE5-9F55-51A4DB4E6991}.Release|Any CPU.Build.0 = Release|Any CPU
		{DB3A4554-855D-4EA1-8774-6A5DAA165F8B}.Debug|Any CPU.ActiveCfg = Debug|Any CPU
		{DB3A4554-855D-4EA1-8774-6A5DAA165F8B}.Debug|Any CPU.Build.0 = Debug|Any CPU
		{DB3A4554-855D-4EA1-8774-6A5DAA165F8B}.Release|Any CPU.ActiveCfg = Release|Any CPU
		{DB3A4554-855D-4EA1-8774-6A5DAA165F8B}.Release|Any CPU.Build.0 = Release|Any CPU
		{A3FD2F65-E03B-4E9D-8218-BD719943D97C}.Debug|Any CPU.ActiveCfg = Debug|Any CPU
		{A3FD2F65-E03B-4E9D-8218-BD719943D97C}.Debug|Any CPU.Build.0 = Debug|Any CPU
		{A3FD2F65-E03B-4E9D-8218-BD719943D97C}.Release|Any CPU.ActiveCfg = Release|Any CPU
		{A3FD2F65-E03B-4E9D-8218-BD719943D97C}.Release|Any CPU.Build.0 = Release|Any CPU
		{BF17CA47-F527-40FF-90C9-C4D489C1DD24}.Debug|Any CPU.ActiveCfg = Debug|Any CPU
		{BF17CA47-F527-40FF-90C9-C4D489C1DD24}.Debug|Any CPU.Build.0 = Debug|Any CPU
		{BF17CA47-F527-40FF-90C9-C4D489C1DD24}.Release|Any CPU.ActiveCfg = Release|Any CPU
		{BF17CA47-F527-40FF-90C9-C4D489C1DD24}.Release|Any CPU.Build.0 = Release|Any CPU
		{1D1717C8-9974-49F0-9836-5AE8181A8D2B}.Debug|Any CPU.ActiveCfg = Debug|Any CPU
		{1D1717C8-9974-49F0-9836-5AE8181A8D2B}.Debug|Any CPU.Build.0 = Debug|Any CPU
		{1D1717C8-9974-49F0-9836-5AE8181A8D2B}.Release|Any CPU.ActiveCfg = Release|Any CPU
		{1D1717C8-9974-49F0-9836-5AE8181A8D2B}.Release|Any CPU.Build.0 = Release|Any CPU
		{0F6BB902-DB72-43FC-9807-4B7194D81520}.Debug|Any CPU.ActiveCfg = Debug|Any CPU
		{0F6BB902-DB72-43FC-9807-4B7194D81520}.Debug|Any CPU.Build.0 = Debug|Any CPU
		{0F6BB902-DB72-43FC-9807-4B7194D81520}.Release|Any CPU.ActiveCfg = Release|Any CPU
		{0F6BB902-DB72-43FC-9807-4B7194D81520}.Release|Any CPU.Build.0 = Release|Any CPU
		{4E0B600C-47D3-47BF-8636-D583752AF54A}.Debug|Any CPU.ActiveCfg = Debug|Any CPU
		{4E0B600C-47D3-47BF-8636-D583752AF54A}.Debug|Any CPU.Build.0 = Debug|Any CPU
		{4E0B600C-47D3-47BF-8636-D583752AF54A}.Release|Any CPU.ActiveCfg = Release|Any CPU
		{4E0B600C-47D3-47BF-8636-D583752AF54A}.Release|Any CPU.Build.0 = Release|Any CPU
		{10685048-5368-4AF9-B903-9CE3B726885D}.Debug|Any CPU.ActiveCfg = Debug|Any CPU
		{10685048-5368-4AF9-B903-9CE3B726885D}.Debug|Any CPU.Build.0 = Debug|Any CPU
		{10685048-5368-4AF9-B903-9CE3B726885D}.Release|Any CPU.ActiveCfg = Release|Any CPU
		{10685048-5368-4AF9-B903-9CE3B726885D}.Release|Any CPU.Build.0 = Release|Any CPU
		{4A240075-4A4A-4280-9865-98D031857DEF}.Debug|Any CPU.ActiveCfg = Debug|Any CPU
		{4A240075-4A4A-4280-9865-98D031857DEF}.Debug|Any CPU.Build.0 = Debug|Any CPU
		{4A240075-4A4A-4280-9865-98D031857DEF}.Release|Any CPU.ActiveCfg = Release|Any CPU
		{4A240075-4A4A-4280-9865-98D031857DEF}.Release|Any CPU.Build.0 = Release|Any CPU
		{B9FBF49F-E98D-4FCA-AC09-AFB49BA32613}.Debug|Any CPU.ActiveCfg = Debug|Any CPU
		{B9FBF49F-E98D-4FCA-AC09-AFB49BA32613}.Debug|Any CPU.Build.0 = Debug|Any CPU
		{B9FBF49F-E98D-4FCA-AC09-AFB49BA32613}.Release|Any CPU.ActiveCfg = Release|Any CPU
		{B9FBF49F-E98D-4FCA-AC09-AFB49BA32613}.Release|Any CPU.Build.0 = Release|Any CPU
		{DDD9E1DD-28BF-446B-8E4F-6483B9D36508}.Debug|Any CPU.ActiveCfg = Debug|Any CPU
		{DDD9E1DD-28BF-446B-8E4F-6483B9D36508}.Debug|Any CPU.Build.0 = Debug|Any CPU
		{DDD9E1DD-28BF-446B-8E4F-6483B9D36508}.Release|Any CPU.ActiveCfg = Release|Any CPU
		{DDD9E1DD-28BF-446B-8E4F-6483B9D36508}.Release|Any CPU.Build.0 = Release|Any CPU
		{09A59799-56C2-4A4A-825A-724BC65D7D49}.Debug|Any CPU.ActiveCfg = Debug|Any CPU
		{09A59799-56C2-4A4A-825A-724BC65D7D49}.Debug|Any CPU.Build.0 = Debug|Any CPU
		{09A59799-56C2-4A4A-825A-724BC65D7D49}.Release|Any CPU.ActiveCfg = Release|Any CPU
		{09A59799-56C2-4A4A-825A-724BC65D7D49}.Release|Any CPU.Build.0 = Release|Any CPU
		{AA96263D-9767-46A2-9196-C0BE5DA54EF9}.Debug|Any CPU.ActiveCfg = Debug|Any CPU
		{AA96263D-9767-46A2-9196-C0BE5DA54EF9}.Debug|Any CPU.Build.0 = Debug|Any CPU
		{AA96263D-9767-46A2-9196-C0BE5DA54EF9}.Release|Any CPU.ActiveCfg = Release|Any CPU
		{AA96263D-9767-46A2-9196-C0BE5DA54EF9}.Release|Any CPU.Build.0 = Release|Any CPU
		{1F374E3A-3F0D-4D67-B6C7-1F2E295F7FB8}.Debug|Any CPU.ActiveCfg = Debug|Any CPU
		{1F374E3A-3F0D-4D67-B6C7-1F2E295F7FB8}.Debug|Any CPU.Build.0 = Debug|Any CPU
		{1F374E3A-3F0D-4D67-B6C7-1F2E295F7FB8}.Release|Any CPU.ActiveCfg = Release|Any CPU
		{1F374E3A-3F0D-4D67-B6C7-1F2E295F7FB8}.Release|Any CPU.Build.0 = Release|Any CPU
		{3551B0EB-1FE3-4DD7-9F9F-E27FC993F68C}.Debug|Any CPU.ActiveCfg = Debug|Any CPU
		{3551B0EB-1FE3-4DD7-9F9F-E27FC993F68C}.Debug|Any CPU.Build.0 = Debug|Any CPU
		{3551B0EB-1FE3-4DD7-9F9F-E27FC993F68C}.Release|Any CPU.ActiveCfg = Release|Any CPU
		{3551B0EB-1FE3-4DD7-9F9F-E27FC993F68C}.Release|Any CPU.Build.0 = Release|Any CPU
		{B91741AD-FE80-4C1B-9018-39540D629458}.Debug|Any CPU.ActiveCfg = Debug|Any CPU
		{B91741AD-FE80-4C1B-9018-39540D629458}.Debug|Any CPU.Build.0 = Debug|Any CPU
		{B91741AD-FE80-4C1B-9018-39540D629458}.Release|Any CPU.ActiveCfg = Release|Any CPU
		{B91741AD-FE80-4C1B-9018-39540D629458}.Release|Any CPU.Build.0 = Release|Any CPU
		{D9829A16-2A58-49EF-95E7-68A6168752AE}.Debug|Any CPU.ActiveCfg = Debug|Any CPU
		{D9829A16-2A58-49EF-95E7-68A6168752AE}.Debug|Any CPU.Build.0 = Debug|Any CPU
		{D9829A16-2A58-49EF-95E7-68A6168752AE}.Release|Any CPU.ActiveCfg = Release|Any CPU
		{D9829A16-2A58-49EF-95E7-68A6168752AE}.Release|Any CPU.Build.0 = Release|Any CPU
		{B97ACFA3-2107-4A02-9149-5BAE7881DE83}.Debug|Any CPU.ActiveCfg = Debug|Any CPU
		{B97ACFA3-2107-4A02-9149-5BAE7881DE83}.Debug|Any CPU.Build.0 = Debug|Any CPU
		{B97ACFA3-2107-4A02-9149-5BAE7881DE83}.Release|Any CPU.ActiveCfg = Release|Any CPU
		{B97ACFA3-2107-4A02-9149-5BAE7881DE83}.Release|Any CPU.Build.0 = Release|Any CPU
	EndGlobalSection
	GlobalSection(SolutionProperties) = preSolution
		HideSolutionNode = FALSE
	EndGlobalSection
	GlobalSection(NestedProjects) = preSolution
		{CE57EB42-2C64-4B64-A1DF-F01499C45B05} = {234AC7DA-7924-4B9C-934F-6A02137B1E46}
		{1BEA1CE6-E44B-4B47-874F-69506FA9E0FC} = {234AC7DA-7924-4B9C-934F-6A02137B1E46}
		{AE6C069E-823A-4AAD-9656-FCCE6D84F6E2} = {9B1A5779-451A-4C47-BC58-8327D870C135}
		{8B3DF81A-B82F-4251-96B9-0E7B109B5B2A} = {9B1A5779-451A-4C47-BC58-8327D870C135}
		{B4D76D94-0CF9-4D7B-B079-FC0C62BE8E03} = {80C2A1E8-0D40-4873-A421-C68ACB97ABD1}
		{3F41C703-94BA-462A-87B4-174D045210DE} = {80C2A1E8-0D40-4873-A421-C68ACB97ABD1}
		{E29AEAEB-803E-4EE5-9F55-51A4DB4E6991} = {03D15AF9-D3C3-4188-BDF1-4857CCAC0357}
		{DB3A4554-855D-4EA1-8774-6A5DAA165F8B} = {C506ED21-A23F-4F9F-9850-7C21B46AAE63}
		{A3FD2F65-E03B-4E9D-8218-BD719943D97C} = {C506ED21-A23F-4F9F-9850-7C21B46AAE63}
		{BF17CA47-F527-40FF-90C9-C4D489C1DD24} = {76CB7D1B-E163-4A6A-A3FA-C2C3CDC69A49}
		{1D1717C8-9974-49F0-9836-5AE8181A8D2B} = {76CB7D1B-E163-4A6A-A3FA-C2C3CDC69A49}
		{0F6BB902-DB72-43FC-9807-4B7194D81520} = {06DA6810-73A2-473A-841A-50AA6ED61B36}
		{4E0B600C-47D3-47BF-8636-D583752AF54A} = {06DA6810-73A2-473A-841A-50AA6ED61B36}
		{10685048-5368-4AF9-B903-9CE3B726885D} = {03D15AF9-D3C3-4188-BDF1-4857CCAC0357}
	EndGlobalSection
	GlobalSection(ExtensibilityGlobals) = postSolution
		SolutionGuid = {106EE3ED-6DE5-484C-9C62-5839D80976EC}
	EndGlobalSection
EndGlobal
